# THIS IS AN AUTOGENERATED FILE. DO NOT EDIT THIS FILE DIRECTLY.
# yarn lockfile v1


dateformat@^3.0.3:
  version "3.0.3"
  resolved "https://registry.yarnpkg.com/dateformat/-/dateformat-3.0.3.tgz#a6e37499a4d9a9cf85ef5872044d62901c9889ae"
  integrity sha512-jyCETtSl3VMZMWeRo7iY1FL19ges1t55hMo5yaam4Jrsm5EPL89UQkoQRyiI+Yf4k8r2ZpdngkV8hr1lIdjb3Q==

he@1.1.1:
  version "1.1.1"
  resolved "https://registry.yarnpkg.com/he/-/he-1.1.1.tgz#93410fd21b009735151f8868c2f271f3427e23fd"
  integrity sha1-k0EP0hsAlzUVH4howvJx80J+I/0=

html2json@^1.0.2:
  version "1.0.2"
  resolved "https://registry.yarnpkg.com/html2json/-/html2json-1.0.2.tgz#c9d6d202fa65402386c202b345cf51bce80ed1ef"
  integrity sha1-ydbSAvplQCOGwgKzRc9RvOgO0e8=

https@^1.0.0:
  version "1.0.0"
  resolved "https://registry.yarnpkg.com/https/-/https-1.0.0.tgz#3c37c7ae1a8eeb966904a2ad1e975a194b7ed3a4"
  integrity sha1-PDfHrhqO65ZpBKKtHpdaGUt+06Q=

node-html-parser@^1.1.16:
  version "1.1.16"
  resolved "https://registry.yarnpkg.com/node-html-parser/-/node-html-parser-1.1.16.tgz#59f072bcabf1cf6e23f7878a76e0c3b81b9194fa"
  integrity sha512-cfqTZIYDdp5cGh3NvCD5dcEDP7hfyni7WgyFacmDynLlIZaF3GVlRk8yMARhWp/PobWt1KaCV8VKdP5LKWiVbg==
  dependencies:
    he "1.1.1"
